{
	"name": "magicmirror-fonts",
	"lockfileVersion": 2,
	"requires": true,
	"packages": {
		"": {
			"name": "magicmirror-fonts",
			"license": "MIT",
			"dependencies": {
				"@fontsource/noto-emoji": "^5.0.13",
				"@fontsource/noto-sans": "^5.0.14",
				"@fontsource/noto-sans-kr": "^5.0.13",
				"@fontsource/roboto": "^5.0.8",
				"@fontsource/roboto-condensed": "^5.0.8",
				"pretendard": "^1.3.8"
			}
		},
		"node_modules/@fontsource/noto-emoji": {
			"version": "5.0.13",
			"resolved": "https://registry.npmjs.org/@fontsource/noto-emoji/-/noto-emoji-5.0.13.tgz",
			"integrity": "sha512-fGmM+2a+RAmVQL+LZ7ole4Du+kFiHS9mingXms60DKmbfXV8KXaNy6P6/olwYsCe+JVnMoIJMlP7I+86/BAtDg=="
		},
		"node_modules/@fontsource/noto-sans": {
			"version": "5.0.14",
			"resolved": "https://registry.npmjs.org/@fontsource/noto-sans/-/noto-sans-5.0.14.tgz",
			"integrity": "sha512-QflfsuealuNEo6sSZEVD1srBc3+AbU8ZPmYKZflMwDn0YeKFgbO7assCHC83w2e2yatbI0zWcNjjpavuAYVlJQ=="
		},
		"node_modules/@fontsource/noto-sans-kr": {
			"version": "5.0.13",
			"resolved": "https://registry.npmjs.org/@fontsource/noto-sans-kr/-/noto-sans-kr-5.0.13.tgz",
			"integrity": "sha512-c5ooY/dHyC8uCS6a9RfPB1IOD3ssuHjs7xsbAvS/dvSlAXY8r6wMdRaFvNZC/+TMiYjwFLR24vcPpO3+lvTP3Q=="
		},
		"node_modules/@fontsource/roboto": {
			"version": "5.0.8",
			"resolved": "https://registry.npmjs.org/@fontsource/roboto/-/roboto-5.0.8.tgz",
			"integrity": "sha512-XxPltXs5R31D6UZeLIV1td3wTXU3jzd3f2DLsXI8tytMGBkIsGcc9sIyiupRtA8y73HAhuSCeweOoBqf6DbWCA=="
		},
		"node_modules/@fontsource/roboto-condensed": {
			"version": "5.0.8",
			"resolved": "https://registry.npmjs.org/@fontsource/roboto-condensed/-/roboto-condensed-5.0.8.tgz",
			"integrity": "sha512-xAXYY+ys24OZ/eOfXJZILPu2xOB7c0ZruM4cd4TSzX3WGj4dZbXYwCEowLldKbZye6LTqiltpFLP/g/Ne0qGLg=="
		},
		"node_modules/pretendard": {
			"version": "1.3.8",
			"resolved": "https://registry.npmjs.org/pretendard/-/pretendard-1.3.8.tgz",
			"integrity": "sha512-LTuUQsX0tE4vQVS4pL5xZ7p0Z4/sOZxZxeENydS0NnhDE4EOu+3pPQS1hoa9EIbaNuy+lL4P9ngAuXhD/FluiQ=="
		}
	},
	"dependencies": {
		"@fontsource/noto-emoji": {
			"version": "5.0.13",
			"resolved": "https://registry.npmjs.org/@fontsource/noto-emoji/-/noto-emoji-5.0.13.tgz",
			"integrity": "sha512-fGmM+2a+RAmVQL+LZ7ole4Du+kFiHS9mingXms60DKmbfXV8KXaNy6P6/olwYsCe+JVnMoIJMlP7I+86/BAtDg=="
		},
		"@fontsource/noto-sans": {
			"version": "5.0.14",
			"resolved": "https://registry.npmjs.org/@fontsource/noto-sans/-/noto-sans-5.0.14.tgz",
			"integrity": "sha512-QflfsuealuNEo6sSZEVD1srBc3+AbU8ZPmYKZflMwDn0YeKFgbO7assCHC83w2e2yatbI0zWcNjjpavuAYVlJQ=="
		},
		"@fontsource/noto-sans-kr": {
			"version": "5.0.13",
			"resolved": "https://registry.npmjs.org/@fontsource/noto-sans-kr/-/noto-sans-kr-5.0.13.tgz",
			"integrity": "sha512-c5ooY/dHyC8uCS6a9RfPB1IOD3ssuHjs7xsbAvS/dvSlAXY8r6wMdRaFvNZC/+TMiYjwFLR24vcPpO3+lvTP3Q=="
		},
		"@fontsource/roboto": {
			"version": "5.0.8",
			"resolved": "https://registry.npmjs.org/@fontsource/roboto/-/roboto-5.0.8.tgz",
			"integrity": "sha512-XxPltXs5R31D6UZeLIV1td3wTXU3jzd3f2DLsXI8tytMGBkIsGcc9sIyiupRtA8y73HAhuSCeweOoBqf6DbWCA=="
		},
		"@fontsource/roboto-condensed": {
			"version": "5.0.8",
			"resolved": "https://registry.npmjs.org/@fontsource/roboto-condensed/-/roboto-condensed-5.0.8.tgz",
			"integrity": "sha512-xAXYY+ys24OZ/eOfXJZILPu2xOB7c0ZruM4cd4TSzX3WGj4dZbXYwCEowLldKbZye6LTqiltpFLP/g/Ne0qGLg=="
		},
		"pretendard": {
			"version": "1.3.8",
			"resolved": "https://registry.npmjs.org/pretendard/-/pretendard-1.3.8.tgz",
			"integrity": "sha512-LTuUQsX0tE4vQVS4pL5xZ7p0Z4/sOZxZxeENydS0NnhDE4EOu+3pPQS1hoa9EIbaNuy+lL4P9ngAuXhD/FluiQ=="
		}
	}
}
